
Microsoft Visual Studio Solution File, Format Version 12.00
# Visual Studio 14
VisualStudioVersion = 14.0.25420.1
MinimumVisualStudioVersion = 10.0.40219.1
Project("{FAE04EC0-301F-11D3-BF4B-00C04F79EFBC}") = "ORM", "ORM\ORM.csproj", "{8CDFD596-295A-4FB2-9AE4-6C4DBE3247FA}"
EndProject
Project("{FAE04EC0-301F-11D3-BF4B-00C04F79EFBC}") = "DAL.Interface", "DAL.Interface\DAL.Interface.csproj", "{0D43082B-E1A9-4435-BB22-A991CCFB1051}"
EndProject
Project("{FAE04EC0-301F-11D3-BF4B-00C04F79EFBC}") = "DAL", "DAL\DAL.csproj", "{6EA8DA81-A4A5-494C-A5BB-6090A765BFEB}"
EndProject
Project("{FAE04EC0-301F-11D3-BF4B-00C04F79EFBC}") = "BLL.Interface", "BLL.Interface\BLL.Interface.csproj", "{E5775874-DEAE-48C1-8908-F90D2F4BDA41}"
EndProject
Project("{FAE04EC0-301F-11D3-BF4B-00C04F79EFBC}") = "BLL", "BLL\BLL.csproj", "{8085AF69-1B9C-4546-AFC7-A85A1EEB2D3F}"
EndProject
Project("{FAE04EC0-301F-11D3-BF4B-00C04F79EFBC}") = "DependencyResolver", "DependencyResolver\DependencyResolver.csproj", "{259965BE-FC44-466B-8DB6-98A71638550C}"
EndProject
Project("{FAE04EC0-301F-11D3-BF4B-00C04F79EFBC}") = "ConsolePL", "ConsolePL\ConsolePL.csproj", "{9DC09C9C-E5EE-4A19-9860-294A6C00A0B4}"
EndProject
Project("{FAE04EC0-301F-11D3-BF4B-00C04F79EFBC}") = "MVC", "MVC\MVC.csproj", "{21603716-040B-4560-B660-D4E56A350376}"
EndProject
Global
	GlobalSection(SolutionConfigurationPlatforms) = preSolution
		Debug|Any CPU = Debug|Any CPU
		Release|Any CPU = Release|Any CPU
	EndGlobalSection
	GlobalSection(ProjectConfigurationPlatforms) = postSolution
		{8CDFD596-295A-4FB2-9AE4-6C4DBE3247FA}.Debug|Any CPU.ActiveCfg = Debug|Any CPU
		{8CDFD596-295A-4FB2-9AE4-6C4DBE3247FA}.Debug|Any CPU.Build.0 = Debug|Any CPU
		{8CDFD596-295A-4FB2-9AE4-6C4DBE3247FA}.Release|Any CPU.ActiveCfg = Release|Any CPU
		{8CDFD596-295A-4FB2-9AE4-6C4DBE3247FA}.Release|Any CPU.Build.0 = Release|Any CPU
		{0D43082B-E1A9-4435-BB22-A991CCFB1051}.Debug|Any CPU.ActiveCfg = Debug|Any CPU
		{0D43082B-E1A9-4435-BB22-A991CCFB1051}.Debug|Any CPU.Build.0 = Debug|Any CPU
		{0D43082B-E1A9-4435-BB22-A991CCFB1051}.Release|Any CPU.ActiveCfg = Release|Any CPU
		{0D43082B-E1A9-4435-BB22-A991CCFB1051}.Release|Any CPU.Build.0 = Release|Any CPU
		{6EA8DA81-A4A5-494C-A5BB-6090A765BFEB}.Debug|Any CPU.ActiveCfg = Debug|Any CPU
		{6EA8DA81-A4A5-494C-A5BB-6090A765BFEB}.Debug|Any CPU.Build.0 = Debug|Any CPU
		{6EA8DA81-A4A5-494C-A5BB-6090A765BFEB}.Release|Any CPU.ActiveCfg = Release|Any CPU
		{6EA8DA81-A4A5-494C-A5BB-6090A765BFEB}.Release|Any CPU.Build.0 = Release|Any CPU
		{E5775874-DEAE-48C1-8908-F90D2F4BDA41}.Debug|Any CPU.ActiveCfg = Debug|Any CPU
		{E5775874-DEAE-48C1-8908-F90D2F4BDA41}.Debug|Any CPU.Build.0 = Debug|Any CPU
		{E5775874-DEAE-48C1-8908-F90D2F4BDA41}.Release|Any CPU.ActiveCfg = Release|Any CPU
		{E5775874-DEAE-48C1-8908-F90D2F4BDA41}.Release|Any CPU.Build.0 = Release|Any CPU
		{8085AF69-1B9C-4546-AFC7-A85A1EEB2D3F}.Debug|Any CPU.ActiveCfg = Debug|Any CPU
		{8085AF69-1B9C-4546-AFC7-A85A1EEB2D3F}.Debug|Any CPU.Build.0 = Debug|Any CPU
		{8085AF69-1B9C-4546-AFC7-A85A1EEB2D3F}.Release|Any CPU.ActiveCfg = Release|Any CPU
		{8085AF69-1B9C-4546-AFC7-A85A1EEB2D3F}.Release|Any CPU.Build.0 = Release|Any CPU
		{259965BE-FC44-466B-8DB6-98A71638550C}.Debug|Any CPU.ActiveCfg = Debug|Any CPU
		{259965BE-FC44-466B-8DB6-98A71638550C}.Debug|Any CPU.Build.0 = Debug|Any CPU
		{259965BE-FC44-466B-8DB6-98A71638550C}.Release|Any CPU.ActiveCfg = Release|Any CPU
		{259965BE-FC44-466B-8DB6-98A71638550C}.Release|Any CPU.Build.0 = Release|Any CPU
		{9DC09C9C-E5EE-4A19-9860-294A6C00A0B4}.Debug|Any CPU.ActiveCfg = Debug|Any CPU
		{9DC09C9C-E5EE-4A19-9860-294A6C00A0B4}.Debug|Any CPU.Build.0 = Debug|Any CPU
		{9DC09C9C-E5EE-4A19-9860-294A6C00A0B4}.Release|Any CPU.ActiveCfg = Release|Any CPU
		{9DC09C9C-E5EE-4A19-9860-294A6C00A0B4}.Release|Any CPU.Build.0 = Release|Any CPU
		{21603716-040B-4560-B660-D4E56A350376}.Debug|Any CPU.ActiveCfg = Debug|Any CPU
		{21603716-040B-4560-B660-D4E56A350376}.Debug|Any CPU.Build.0 = Debug|Any CPU
		{21603716-040B-4560-B660-D4E56A350376}.Release|Any CPU.ActiveCfg = Release|Any CPU
		{21603716-040B-4560-B660-D4E56A350376}.Release|Any CPU.Build.0 = Release|Any CPU
	EndGlobalSection
	GlobalSection(SolutionProperties) = preSolution
		HideSolutionNode = FALSE
	EndGlobalSection
EndGlobal
